# THIS IS AN AUTOGENERATED FILE. DO NOT EDIT THIS FILE DIRECTLY.
# yarn lockfile v1


any-promise@^1.3.0:
  version "1.3.0"
  resolved "https://registry.yarnpkg.com/any-promise/-/any-promise-1.3.0.tgz#abc6afeedcea52e809cdc0376aed3ce39635d17f"

assertion-error@^1.1.0:
  version "1.1.0"
  resolved "https://registry.yarnpkg.com/assertion-error/-/assertion-error-1.1.0.tgz#e60b6b0e8f301bd97e5375215bda406c85118c0b"

bindings@^1.3.1:
  version "1.4.0"
  resolved "https://registry.yarnpkg.com/bindings/-/bindings-1.4.0.tgz#909efa49f2ebe07ecd3cb136778f665052040127"
  dependencies:
    file-uri-to-path "1.0.0"

bn.js@4.11.6:
  version "4.11.6"
  resolved "https://registry.yarnpkg.com/bn.js/-/bn.js-4.11.6.tgz#53344adb14617a13f6e8dd2ce28905d1c0ba3215"

chai-bn@^0.1.1:
  version "0.1.1"
  resolved "https://registry.yarnpkg.com/chai-bn/-/chai-bn-0.1.1.tgz#a8904b2dc878e5c094881f327c0029579ff2062b"

chai@^4.2.0:
  version "4.2.0"
  resolved "https://registry.yarnpkg.com/chai/-/chai-4.2.0.tgz#760aa72cf20e3795e84b12877ce0e83737aa29e5"
  dependencies:
    assertion-error "^1.1.0"
    check-error "^1.0.2"
    deep-eql "^3.0.1"
    get-func-name "^2.0.0"
    pathval "^1.1.0"
    type-detect "^4.0.5"

check-error@^1.0.2:
  version "1.0.2"
  resolved "https://registry.yarnpkg.com/check-error/-/check-error-1.0.2.tgz#574d312edd88bb5dd8912e9286dd6c0aed4aac82"

debug@^2.2.0:
  version "2.6.9"
  resolved "https://registry.yarnpkg.com/debug/-/debug-2.6.9.tgz#5d128515df134ff327e90a4c93f4e077a536341f"
  dependencies:
    ms "2.0.0"

deep-eql@^3.0.1:
  version "3.0.1"
  resolved "https://registry.yarnpkg.com/deep-eql/-/deep-eql-3.0.1.tgz#dfc9404400ad1c8fe023e7da1df1c147c4b444df"
  dependencies:
    type-detect "^4.0.0"

ethjs-abi@^0.2.1:
  version "0.2.1"
  resolved "https://registry.yarnpkg.com/ethjs-abi/-/ethjs-abi-0.2.1.tgz#e0a7a93a7e81163a94477bad56ede524ab6de533"
  dependencies:
    bn.js "4.11.6"
    js-sha3 "0.5.5"
    number-to-bn "1.7.0"

file-uri-to-path@1.0.0:
  version "1.0.0"
  resolved "https://registry.yarnpkg.com/file-uri-to-path/-/file-uri-to-path-1.0.0.tgz#553a7b8446ff6f684359c445f1e37a05dacc33dd"

get-func-name@^2.0.0:
  version "2.0.0"
  resolved "https://registry.yarnpkg.com/get-func-name/-/get-func-name-2.0.0.tgz#ead774abee72e20409433a066366023dd6887a41"

is-hex-prefixed@1.0.0:
  version "1.0.0"
  resolved "https://registry.yarnpkg.com/is-hex-prefixed/-/is-hex-prefixed-1.0.0.tgz#7d8d37e6ad77e5d127148913c573e082d777f554"

is-typedarray@^1.0.0:
  version "1.0.0"
  resolved "https://registry.yarnpkg.com/is-typedarray/-/is-typedarray-1.0.0.tgz#e479c80858df0c1b11ddda6940f96011fcda4a9a"

js-sha3@0.5.5:
  version "0.5.5"
  resolved "https://registry.yarnpkg.com/js-sha3/-/js-sha3-0.5.5.tgz#baf0c0e8c54ad5903447df96ade7a4a1bca79a4a"

ms@2.0.0:
  version "2.0.0"
  resolved "https://registry.yarnpkg.com/ms/-/ms-2.0.0.tgz#5608aeadfc00be6c2901df5f9861788de0d597c8"

nan@^2.11.0:
  version "2.12.1"
  resolved "https://registry.yarnpkg.com/nan/-/nan-2.12.1.tgz#7b1aa193e9aa86057e3c7bbd0ac448e770925552"

number-to-bn@1.7.0:
  version "1.7.0"
  resolved "https://registry.yarnpkg.com/number-to-bn/-/number-to-bn-1.7.0.tgz#bb3623592f7e5f9e0030b1977bd41a0c53fe1ea0"
  dependencies:
    bn.js "4.11.6"
    strip-hex-prefix "1.0.0"

openzeppelin-solidity@^2.1.1:
  version "2.1.2"
  resolved "https://registry.yarnpkg.com/openzeppelin-solidity/-/openzeppelin-solidity-2.1.2.tgz#94e2bb92b60e91abb22c6fe27d983d92850fb324"

openzeppelin-test-helpers@^0.1.2:
  version "0.1.2"
  resolved "https://registry.yarnpkg.com/openzeppelin-test-helpers/-/openzeppelin-test-helpers-0.1.2.tgz#ffef3f3674e7eab6a29a33b98c641c5574bec21d"
  dependencies:
    chai "^4.2.0"
    chai-bn "^0.1.1"
    ethjs-abi "^0.2.1"
    semver "^5.6.0"

pathval@^1.1.0:
  version "1.1.0"
  resolved "https://registry.yarnpkg.com/pathval/-/pathval-1.1.0.tgz#b942e6d4bde653005ef6b71361def8727d0645e0"

semver@^5.6.0:
  version "5.6.0"
  resolved "https://registry.yarnpkg.com/semver/-/semver-5.6.0.tgz#7e74256fbaa49c75aa7c7a205cc22799cac80004"

strip-hex-prefix@1.0.0:
  version "1.0.0"
  resolved "https://registry.yarnpkg.com/strip-hex-prefix/-/strip-hex-prefix-1.0.0.tgz#0c5f155fef1151373377de9dbb588da05500e36f"
  dependencies:
    is-hex-prefixed "1.0.0"

truffle-hdwallet-provider@^1.0.2:
  version "1.0.2"
  resolved "https://registry.yarnpkg.com/truffle-hdwallet-provider/-/truffle-hdwallet-provider-1.0.2.tgz#eb9ce2955e3a1fb8677ed3ad4949dfd9df913d73"
  dependencies:
    any-promise "^1.3.0"
    bindings "^1.3.1"
    websocket "^1.0.28"

type-detect@^4.0.0, type-detect@^4.0.5:
  version "4.0.8"
  resolved "https://registry.yarnpkg.com/type-detect/-/type-detect-4.0.8.tgz#7646fb5f18871cfbb7749e69bd39a6388eb7450c"

typedarray-to-buffer@^3.1.5:
  version "3.1.5"
  resolved "https://registry.yarnpkg.com/typedarray-to-buffer/-/typedarray-to-buffer-3.1.5.tgz#a97ee7a9ff42691b9f783ff1bc5112fe3fca9080"
  dependencies:
    is-typedarray "^1.0.0"

websocket@^1.0.28:
  version "1.0.28"
  resolved "https://registry.yarnpkg.com/websocket/-/websocket-1.0.28.tgz#9e5f6fdc8a3fe01d4422647ef93abdd8d45a78d3"
  dependencies:
    debug "^2.2.0"
    nan "^2.11.0"
    typedarray-to-buffer "^3.1.5"
    yaeti "^0.0.6"

yaeti@^0.0.6:
  version "0.0.6"
  resolved "https://registry.yarnpkg.com/yaeti/-/yaeti-0.0.6.tgz#f26f484d72684cf42bedfb76970aa1608fbf9577"
